
Microsoft Visual Studio Solution File, Format Version 12.00
# Visual Studio Version 17
VisualStudioVersion = 17.9.34723.18
MinimumVisualStudioVersion = 10.0.40219.1
Project("{FAE04EC0-301F-11D3-BF4B-00C04F79EFBC}") = "prySalvarezza_20250505", "prySalvarezza_20250505\prySalvarezza_20250505.csproj", "{156797E3-A947-4951-ADB2-BCC410684405}"
EndProject
Global
	GlobalSection(SolutionConfigurationPlatforms) = preSolution
		Debug|Any CPU = Debug|Any CPU
		Release|Any CPU = Release|Any CPU
	EndGlobalSection
	GlobalSection(ProjectConfigurationPlatforms) = postSolution
		{156797E3-A947-4951-ADB2-BCC410684405}.Debug|Any CPU.ActiveCfg = Debug|Any CPU
		{156797E3-A947-4951-ADB2-BCC410684405}.Debug|Any CPU.Build.0 = Debug|Any CPU
		{156797E3-A947-4951-ADB2-BCC410684405}.Release|Any CPU.ActiveCfg = Release|Any CPU
		{156797E3-A947-4951-ADB2-BCC410684405}.Release|Any CPU.Build.0 = Release|Any CPU
	EndGlobalSection
	GlobalSection(SolutionProperties) = preSolution
		HideSolutionNode = FALSE
	EndGlobalSection
	GlobalSection(ExtensibilityGlobals) = postSolution
		SolutionGuid = {3EE46178-154C-4970-B8A6-F2BA0ECA3310}
	EndGlobalSection
EndGlobal
